{
  "name": "jim-scripts-typescript-tools",
  "version": "0.1.0",
  "lockfileVersion": 3,
  "requires": true,
  "packages": {
    "packages": {},
    "": {
      "name": "jim-scripts-typescript-tools",
      "version": "0.1.0",
      "workspaces": [
        "packages/fhir-create-prescription-generator",
        "packages/fhir-prescribing",
        "packages/nhs-number-generator",
        "packages/ods-code-generator",
        "packages/pfp-request-sender",
        "packages/prescription-id-generator",
        "packages/psu-request-generator",
        "packages/psu-request-sender",
        "packages/psu-request-wizard"
      ],
      "bin": {
        "create-prescription-bundle": "packages/fhir-create-prescription-generator/dist/cli.js",
        "fhir-prescribing": "packages/fhir-prescribing/dist/cli.js",
        "generate-nhs-numbers": "packages/nhs-number-generator/dist/cli.js",
        "generate-ods-codes": "packages/ods-code-generator/dist/cli.js",
        "generate-prescription-ids": "packages/prescription-id-generator/dist/cli.js",
        "generate-psu-request": "packages/psu-request-generator/dist/cli.js",
        "psu-wizard": "packages/psu-request-wizard/dist/cli.js",
        "send-pfp-request": "packages/pfp-request-sender/dist/cli.js",
        "send-psu-request": "packages/psu-request-sender/dist/cli.js",
        "sign-prescription": "packages/fhir-prescribing/dist/cli.js"
      }
    },
    "node_modules/fhir-create-prescription-generator": {
      "resolved": "packages/fhir-create-prescription-generator",
      "link": true
    },
    "node_modules/fhir-prescribing": {
      "resolved": "packages/fhir-prescribing",
      "link": true
    },
    "node_modules/nhs-number-generator": {
      "resolved": "packages/nhs-number-generator",
      "link": true
    },
    "node_modules/ods-code-generator": {
      "resolved": "packages/ods-code-generator",
      "link": true
    },
    "node_modules/pfp-request-sender": {
      "resolved": "packages/pfp-request-sender",
      "link": true
    },
    "node_modules/prescription-id-generator": {
      "resolved": "packages/prescription-id-generator",
      "link": true
    },
    "node_modules/psu-request-generator": {
      "resolved": "packages/psu-request-generator",
      "link": true
    },
    "node_modules/psu-request-sender": {
      "resolved": "packages/psu-request-sender",
      "link": true
    },
    "node_modules/psu-request-wizard": {
      "resolved": "packages/psu-request-wizard",
      "link": true
    },
    "packages/create-fhir-prescription": {
      "name": "fhir-create-prescription-generator",
      "version": "0.1.0",
      "extraneous": true,
      "dependencies": {
        "@faker-js/faker": "^9.3.0",
        "commander": "^12.1.0",
        "nhs-number-generator": "*",
        "ods-code-generator": "*",
        "prescription-id-generator": "*"
      },
      "bin": {
        "fhir-create-prescription-bundle": "dist/cli.js"
      },
      "devDependencies": {
        "@types/node": "^20.19.33",
        "typescript": "^5.5.4"
      }
    },
    "packages/fhir-create-prescription-generator": {
      "version": "0.1.0",
      "dependencies": {
        "@faker-js/faker": "^9.3.0",
        "commander": "^12.1.0",
        "nhs-number-generator": "*",
        "ods-code-generator": "*",
        "prescription-id-generator": "*"
      },
      "bin": {
        "fhir-create-prescription-bundle": "dist/cli.js"
      },
      "devDependencies": {
        "@types/node": "^20.19.33",
        "typescript": "^5.5.4"
      }
    },
    "packages/fhir-prescribing": {
      "version": "0.1.0",
      "dependencies": {
        "commander": "^12.1.0",
        "dotenv": "^16.4.5",
        "fhir-create-prescription-generator": "^0.1.0",
        "jsonwebtoken": "^9.0.2",
        "playwright": "^1.52.0"
      },
      "bin": {
        "fhir-prescribing": "dist/cli.js",
        "sign-prescription": "dist/cli.js"
      },
      "devDependencies": {
        "@types/jsonwebtoken": "^9.0.6",
        "@types/node": "^20.19.33",
        "typescript": "^5.5.4"
      }
    },
    "packages/nhs-number-generator": {
      "version": "0.1.0",
      "dependencies": {
        "commander": "^12.1.0"
      },
      "bin": {
        "generate-nhs-numbers": "dist/cli.js"
      },
      "devDependencies": {
        "@types/node": "^20.19.33",
        "typescript": "^5.5.4"
      }
    },
    "packages/node_modules/@faker-js/faker": {
      "version": "9.9.0",
      "funding": [
        {
          "type": "opencollective",
          "url": "https://opencollective.com/fakerjs"
        }
      ],
      "license": "MIT",
      "engines": {
        "node": ">=18.0.0",
        "npm": ">=9.0.0"
      }
    },
    "packages/node_modules/@types/jsonwebtoken": {
      "version": "9.0.10",
      "dev": true,
      "license": "MIT",
      "dependencies": {
        "@types/ms": "*",
        "@types/node": "*"
      }
    },
    "packages/node_modules/@types/ms": {
      "version": "2.1.0",
      "dev": true,
      "license": "MIT"
    },
    "packages/node_modules/@types/node": {
      "version": "20.19.37",
      "dev": true,
      "license": "MIT",
      "dependencies": {
        "undici-types": "~6.21.0"
      }
    },
    "packages/node_modules/buffer-equal-constant-time": {
      "version": "1.0.1",
      "license": "BSD-3-Clause"
    },
    "packages/node_modules/commander": {
      "version": "12.1.0",
      "license": "MIT",
      "engines": {
        "node": ">=18"
      }
    },
    "packages/node_modules/dotenv": {
      "version": "16.6.1",
      "license": "BSD-2-Clause",
      "engines": {
        "node": ">=12"
      },
      "funding": {
        "url": "https://dotenvx.com"
      }
    },
    "packages/node_modules/ecdsa-sig-formatter": {
      "version": "1.0.11",
      "license": "Apache-2.0",
      "dependencies": {
        "safe-buffer": "^5.0.1"
      }
    },
    "packages/node_modules/jsonwebtoken": {
      "version": "9.0.3",
      "license": "MIT",
      "dependencies": {
        "jws": "^4.0.1",
        "lodash.includes": "^4.3.0",
        "lodash.isboolean": "^3.0.3",
        "lodash.isinteger": "^4.0.4",
        "lodash.isnumber": "^3.0.3",
        "lodash.isplainobject": "^4.0.6",
        "lodash.isstring": "^4.0.1",
        "lodash.once": "^4.0.0",
        "ms": "^2.1.1",
        "semver": "^7.5.4"
      },
      "engines": {
        "node": ">=12",
        "npm": ">=6"
      }
    },
    "packages/node_modules/jwa": {
      "version": "2.0.1",
      "license": "MIT",
      "dependencies": {
        "buffer-equal-constant-time": "^1.0.1",
        "ecdsa-sig-formatter": "1.0.11",
        "safe-buffer": "^5.0.1"
      }
    },
    "packages/node_modules/jws": {
      "version": "4.0.1",
      "license": "MIT",
      "dependencies": {
        "jwa": "^2.0.1",
        "safe-buffer": "^5.0.1"
      }
    },
    "packages/node_modules/lodash.includes": {
      "version": "4.3.0",
      "license": "MIT"
    },
    "packages/node_modules/lodash.isboolean": {
      "version": "3.0.3",
      "license": "MIT"
    },
    "packages/node_modules/lodash.isinteger": {
      "version": "4.0.4",
      "license": "MIT"
    },
    "packages/node_modules/lodash.isnumber": {
      "version": "3.0.3",
      "license": "MIT"
    },
    "packages/node_modules/lodash.isplainobject": {
      "version": "4.0.6",
      "license": "MIT"
    },
    "packages/node_modules/lodash.isstring": {
      "version": "4.0.1",
      "license": "MIT"
    },
    "packages/node_modules/lodash.once": {
      "version": "4.1.1",
      "license": "MIT"
    },
    "packages/node_modules/ms": {
      "version": "2.1.3",
      "license": "MIT"
    },
    "packages/node_modules/playwright": {
      "version": "1.58.2",
      "license": "Apache-2.0",
      "dependencies": {
        "playwright-core": "1.58.2"
      },
      "bin": {
        "playwright": "cli.js"
      },
      "engines": {
        "node": ">=18"
      },
      "optionalDependencies": {
        "fsevents": "2.3.2"
      }
    },
    "packages/node_modules/playwright-core": {
      "version": "1.58.2",
      "license": "Apache-2.0",
      "bin": {
        "playwright-core": "cli.js"
      },
      "engines": {
        "node": ">=18"
      }
    },
    "packages/node_modules/safe-buffer": {
      "version": "5.2.1",
      "funding": [
        {
          "type": "github",
          "url": "https://github.com/sponsors/feross"
        },
        {
          "type": "patreon",
          "url": "https://www.patreon.com/feross"
        },
        {
          "type": "consulting",
          "url": "https://feross.org/support"
        }
      ],
      "license": "MIT"
    },
    "packages/node_modules/semver": {
      "version": "7.7.4",
      "license": "ISC",
      "bin": {
        "semver": "bin/semver.js"
      },
      "engines": {
        "node": ">=10"
      }
    },
    "packages/node_modules/typescript": {
      "version": "5.9.3",
      "dev": true,
      "license": "Apache-2.0",
      "bin": {
        "tsc": "bin/tsc",
        "tsserver": "bin/tsserver"
      },
      "engines": {
        "node": ">=14.17"
      }
    },
    "packages/node_modules/undici-types": {
      "version": "6.21.0",
      "dev": true,
      "license": "MIT"
    },
    "packages/ods-code-generator": {
      "version": "0.1.0",
      "dependencies": {
        "commander": "^12.1.0"
      },
      "bin": {
        "generate-ods-codes": "dist/cli.js"
      },
      "devDependencies": {
        "@types/node": "^20.19.33",
        "typescript": "^5.5.4"
      }
    },
    "packages/pfp-request-sender": {
      "version": "0.1.0",
      "dependencies": {
        "commander": "^12.1.0",
        "dotenv": "^16.4.5",
        "playwright": "^1.49.0"
      },
      "bin": {
        "send-pfp-request": "dist/cli.js"
      },
      "devDependencies": {
        "@types/node": "^20.19.33",
        "typescript": "^5.5.4"
      }
    },
    "packages/prescription-id-generator": {
      "version": "0.1.0",
      "dependencies": {
        "commander": "^12.1.0",
        "ods-code-generator": "*"
      },
      "bin": {
        "generate-prescription-ids": "dist/cli.js"
      },
      "devDependencies": {
        "@types/node": "^20.19.33",
        "typescript": "^5.5.4"
      }
    },
    "packages/psu-request-generator": {
      "version": "0.1.0",
      "dependencies": {
        "commander": "^12.1.0",
        "nhs-number-generator": "^0.1.0",
        "ods-code-generator": "^0.1.0",
        "prescription-id-generator": "^0.1.0"
      },
      "bin": {
        "generate-psu-request": "dist/cli.js"
      },
      "devDependencies": {
        "@types/node": "^20.19.33",
        "typescript": "^5.5.4"
      }
    },
    "packages/psu-request-sender": {
      "version": "0.1.0",
      "dependencies": {
        "commander": "^12.1.0",
        "dotenv": "^16.4.5",
        "jsonwebtoken": "^9.0.2"
      },
      "bin": {
        "send-psu-request": "dist/cli.js"
      },
      "devDependencies": {
        "@types/jsonwebtoken": "^9.0.6",
        "@types/node": "^20.19.33",
        "typescript": "^5.5.4"
      }
    },
    "packages/psu-request-wizard": {
      "version": "0.1.0",
      "dependencies": {
        "commander": "^12.1.0",
        "dotenv": "^16.4.5",
        "nhs-number-generator": "^0.1.0",
        "ods-code-generator": "^0.1.0",
        "pfp-request-sender": "^0.1.0",
        "prescription-id-generator": "^0.1.0",
        "psu-request-generator": "^0.1.0",
        "psu-request-sender": "^0.1.0"
      },
      "bin": {
        "psu-wizard": "dist/cli.js"
      },
      "devDependencies": {
        "@types/node": "^20.19.33",
        "typescript": "^5.5.4"
      }
    }
  }
}
